# THIS IS AN AUTOGENERATED FILE. DO NOT EDIT THIS FILE DIRECTLY.
# yarn lockfile v1


concurrify@^1.1.1:
  version "1.1.1"
  resolved "https://registry.yarnpkg.com/concurrify/-/concurrify-1.1.1.tgz#e903b6500b2ce9af7ac51bd5f2161f8db33cfb41"
  dependencies:
    sanctuary-show "^1.0.0"
    sanctuary-type-identifiers "^2.0.0"

denque@^1.1.1:
  version "1.3.0"
  resolved "https://registry.yarnpkg.com/denque/-/denque-1.3.0.tgz#681092ef44a630246d3f6edb2a199230eae8e76b"

fluture@^10.1.0:
  version "10.1.0"
  resolved "https://registry.yarnpkg.com/fluture/-/fluture-10.1.0.tgz#704dacce1db8577cf4326da8c415460fc96f2ab3"
  dependencies:
    concurrify "^1.1.1"
    denque "^1.1.1"
    sanctuary-show "^1.0.0"
    sanctuary-type-identifiers "^2.0.0"

sanctuary-show@^1.0.0:
  version "1.0.0"
  resolved "https://registry.yarnpkg.com/sanctuary-show/-/sanctuary-show-1.0.0.tgz#72deb4812f9decec850e03286807dca1c97a1d61"

sanctuary-type-identifiers@^2.0.0:
  version "2.0.1"
  resolved "https://registry.yarnpkg.com/sanctuary-type-identifiers/-/sanctuary-type-identifiers-2.0.1.tgz#fc524cf6dd92cebfcbb0dd9509eff193159a20ed"
